
Microsoft Visual Studio Solution File, Format Version 12.00
# Visual Studio Version 17
VisualStudioVersion = 17.14.36301.6 d17.14
MinimumVisualStudioVersion = 10.0.40219.1
Project("{FAE04EC0-301F-11D3-BF4B-00C04F79EFBC}") = "ML_02_Solar_Pannel_Prediction_LR", "ML_02_Solar_Pannel_Prediction_LR\ML_02_Solar_Pannel_Prediction_LR.csproj", "{702570E0-C680-47B4-9C82-B4A94E14C161}"
EndProject
Global
	GlobalSection(SolutionConfigurationPlatforms) = preSolution
		Debug|Any CPU = Debug|Any CPU
		Release|Any CPU = Release|Any CPU
	EndGlobalSection
	GlobalSection(ProjectConfigurationPlatforms) = postSolution
		{702570E0-C680-47B4-9C82-B4A94E14C161}.Debug|Any CPU.ActiveCfg = Debug|Any CPU
		{702570E0-C680-47B4-9C82-B4A94E14C161}.Debug|Any CPU.Build.0 = Debug|Any CPU
		{702570E0-C680-47B4-9C82-B4A94E14C161}.Release|Any CPU.ActiveCfg = Release|Any CPU
		{702570E0-C680-47B4-9C82-B4A94E14C161}.Release|Any CPU.Build.0 = Release|Any CPU
	EndGlobalSection
	GlobalSection(SolutionProperties) = preSolution
		HideSolutionNode = FALSE
	EndGlobalSection
	GlobalSection(ExtensibilityGlobals) = postSolution
		SolutionGuid = {53A924A5-9D1E-487E-A487-68B572E7861B}
	EndGlobalSection
EndGlobal
